
Microsoft Visual Studio Solution File, Format Version 12.00
# Visual Studio Version 16
VisualStudioVersion = 16.0.30517.126
MinimumVisualStudioVersion = 10.0.40219.1
Project("{9A19103F-16F7-4668-BE54-9A1E7A4F7556}") = "AmberTurnerSite", "AmberTurnerSite\AmberTurnerSite.csproj", "{B0C99235-926A-44D1-95D5-59A0F05BD596}"
EndProject
Project("{9A19103F-16F7-4668-BE54-9A1E7A4F7556}") = "Test2", "Test2\Test2.csproj", "{922AF5CF-4C21-447E-A42B-388E8FE9FAC4}"
EndProject
Global
	GlobalSection(SolutionConfigurationPlatforms) = preSolution
		Debug|Any CPU = Debug|Any CPU
		Release|Any CPU = Release|Any CPU
	EndGlobalSection
	GlobalSection(ProjectConfigurationPlatforms) = postSolution
		{B0C99235-926A-44D1-95D5-59A0F05BD596}.Debug|Any CPU.ActiveCfg = Debug|Any CPU
		{B0C99235-926A-44D1-95D5-59A0F05BD596}.Debug|Any CPU.Build.0 = Debug|Any CPU
		{B0C99235-926A-44D1-95D5-59A0F05BD596}.Release|Any CPU.ActiveCfg = Release|Any CPU
		{B0C99235-926A-44D1-95D5-59A0F05BD596}.Release|Any CPU.Build.0 = Release|Any CPU
		{922AF5CF-4C21-447E-A42B-388E8FE9FAC4}.Debug|Any CPU.ActiveCfg = Debug|Any CPU
		{922AF5CF-4C21-447E-A42B-388E8FE9FAC4}.Debug|Any CPU.Build.0 = Debug|Any CPU
		{922AF5CF-4C21-447E-A42B-388E8FE9FAC4}.Release|Any CPU.ActiveCfg = Release|Any CPU
		{922AF5CF-4C21-447E-A42B-388E8FE9FAC4}.Release|Any CPU.Build.0 = Release|Any CPU
	EndGlobalSection
	GlobalSection(SolutionProperties) = preSolution
		HideSolutionNode = FALSE
	EndGlobalSection
	GlobalSection(ExtensibilityGlobals) = postSolution
		SolutionGuid = {109071B8-209D-44A2-8269-8651870BC2DD}
	EndGlobalSection
EndGlobal
